{
  "requires": true,
  "lockfileVersion": 1,
  "dependencies": {
    "@ng-bootstrap/ng-bootstrap": {
      "version": "5.1.4",
      "resolved": "https://registry.npmjs.org/@ng-bootstrap/ng-bootstrap/-/ng-bootstrap-5.1.4.tgz",
      "integrity": "sha512-UtL9GBkAMy0O/0Rkc4DG1WoFDWhAnAdvsQuJ1IFLmlN2v6HAX+E84tgUK0n15WLBhYBXXuhRx0dIW2jafjg1xQ==",
      "requires": {
        "tslib": "^1.9.0"
      }
    },
    "angularx-social-login": {
      "version": "2.1.1",
      "resolved": "https://registry.npmjs.org/angularx-social-login/-/angularx-social-login-2.1.1.tgz",
      "integrity": "sha512-iGIsiUpPkcKr09gNez5oHqspD2uvC9GBDYlSGPNjXApoLQUd94dgF0R0vLPv974LE4eon1gNPfY/26sU5G9tzw==",
      "requires": {
        "typescript": "^3.5.3"
      }
    },
    "tslib": {
      "version": "1.10.0",
      "resolved": "https://registry.npmjs.org/tslib/-/tslib-1.10.0.tgz",
      "integrity": "sha512-qOebF53frne81cf0S9B41ByenJ3/IuH8yJKngAX35CmiZySA0khhkovshKK+jGCaMnVomla7gVlIcc3EvKPbTQ=="
    },
    "typescript": {
      "version": "3.7.2",
      "resolved": "https://registry.npmjs.org/typescript/-/typescript-3.7.2.tgz",
      "integrity": "sha512-ml7V7JfiN2Xwvcer+XAf2csGO1bPBdRbFCkYBczNZggrBZ9c7G3riSUeJmqEU5uOtXNPMhE3n+R4FA/3YOAWOQ=="
    }
  }
}
